// !$*UTF8*$!
{
	archiveVersion = 1;
	classes = {
	};
	objectVersion = 48;
	objects = {

/* Begin PBXBuildFile section */
		200638C01BDEBADE00799CFC /* AlarmTableViewController.swift in Sources */ = {isa = PBXBuildFile; fileRef = 200638BF1BDEBADE00799CFC /* AlarmTableViewController.swift */; };
		200B12A71BC576280015B40F /* Fabric.framework in Frameworks */ = {isa = PBXBuildFile; fileRef = 200B12A51BC576280015B40F /* Fabric.framework */; };
		200B12A81BC576280015B40F /* Crashlytics.framework in Frameworks */ = {isa = PBXBuildFile; fileRef = 200B12A61BC576280015B40F /* Crashlytics.framework */; };
		202F0FCC1BD54B8C00799850 /* LocationViewController.swift in Sources */ = {isa = PBXBuildFile; fileRef = 202F0FCB1BD54B8C00799850 /* LocationViewController.swift */; };
		2034B68C1BDFD2D300CB6FCA /* Activity.swift in Sources */ = {isa = PBXBuildFile; fileRef = 2034B68B1BDFD2D300CB6FCA /* Activity.swift */; };
		2034B68E1BDFD3A700CB6FCA /* Routine.swift in Sources */ = {isa = PBXBuildFile; fileRef = 2034B68D1BDFD3A700CB6FCA /* Routine.swift */; };
		2037BDA71BD33CFA00F45644 /* RoutineTableViewController.swift in Sources */ = {isa = PBXBuildFile; fileRef = 2037BDA61BD33CFA00F45644 /* RoutineTableViewController.swift */; };
		2051920A1BFD233300457CEB /* Destination.swift in Sources */ = {isa = PBXBuildFile; fileRef = 205192091BFD233300457CEB /* Destination.swift */; };
		205A2B521C173A8F00AC6F27 /* loud_alarm.caf in Resources */ = {isa = PBXBuildFile; fileRef = 205A2B511C173A8F00AC6F27 /* loud_alarm.caf */; };
		208D95B31BD3F0C60099611F /* ActivityTableViewController.swift in Sources */ = {isa = PBXBuildFile; fileRef = 208D95B21BD3F0C60099611F /* ActivityTableViewController.swift */; };
		2092ED141BDEC97700D8F112 /* Alarm.swift in Sources */ = {isa = PBXBuildFile; fileRef = 2092ED131BDEC97700D8F112 /* Alarm.swift */; };
		2092ED161BDEC99E00D8F112 /* AlarmTableViewCell.swift in Sources */ = {isa = PBXBuildFile; fileRef = 2092ED151BDEC99E00D8F112 /* AlarmTableViewCell.swift */; };
		2093B6671BBC740200EC5C7C /* AppDelegate.swift in Sources */ = {isa = PBXBuildFile; fileRef = 2093B6661BBC740200EC5C7C /* AppDelegate.swift */; };
		2093B66C1BBC740200EC5C7C /* Main.storyboard in Resources */ = {isa = PBXBuildFile; fileRef = 2093B66A1BBC740200EC5C7C /* Main.storyboard */; };
		2093B66F1BBC740200EC5C7C /* smart_alarm.xcdatamodeld in Sources */ = {isa = PBXBuildFile; fileRef = 2093B66D1BBC740200EC5C7C /* smart_alarm.xcdatamodeld */; };
		2093B6711BBC740200EC5C7C /* Assets.xcassets in Resources */ = {isa = PBXBuildFile; fileRef = 2093B6701BBC740200EC5C7C /* Assets.xcassets */; };
		2093B6741BBC740200EC5C7C /* LaunchScreen.storyboard in Resources */ = {isa = PBXBuildFile; fileRef = 2093B6721BBC740200EC5C7C /* LaunchScreen.storyboard */; };
		2093B67F1BBC740200EC5C7C /* smart_alarmTests.swift in Sources */ = {isa = PBXBuildFile; fileRef = 2093B67E1BBC740200EC5C7C /* smart_alarmTests.swift */; };
		2093B68A1BBC740200EC5C7C /* smart_alarmUITests.swift in Sources */ = {isa = PBXBuildFile; fileRef = 2093B6891BBC740200EC5C7C /* smart_alarmUITests.swift */; };
		2093B6981BBC746C00EC5C7C /* HTTP.swift in Sources */ = {isa = PBXBuildFile; fileRef = 2093B6971BBC746C00EC5C7C /* HTTP.swift */; };
		2093B6991BBC746C00EC5C7C /* HTTP.swift in Sources */ = {isa = PBXBuildFile; fileRef = 2093B6971BBC746C00EC5C7C /* HTTP.swift */; };
		2093B69A1BBC746C00EC5C7C /* HTTP.swift in Sources */ = {isa = PBXBuildFile; fileRef = 2093B6971BBC746C00EC5C7C /* HTTP.swift */; };
		209443DD1BFB7274000E46B0 /* AlarmList.swift in Sources */ = {isa = PBXBuildFile; fileRef = 209443DC1BFB7274000E46B0 /* AlarmList.swift */; };
		20A092B61BD0234200745784 /* DetailTableViewController.swift in Sources */ = {isa = PBXBuildFile; fileRef = 20A092B51BD0234200745784 /* DetailTableViewController.swift */; };
		20A5CA491C15FE140074DAD2 /* Lato-Black.ttf in Resources */ = {isa = PBXBuildFile; fileRef = 20A5CA441C15FE140074DAD2 /* Lato-Black.ttf */; };
		20A5CA4A1C15FE140074DAD2 /* Lato-Bold.ttf in Resources */ = {isa = PBXBuildFile; fileRef = 20A5CA451C15FE140074DAD2 /* Lato-Bold.ttf */; };
		20A5CA4B1C15FE140074DAD2 /* Lato-Hairline.ttf in Resources */ = {isa = PBXBuildFile; fileRef = 20A5CA461C15FE140074DAD2 /* Lato-Hairline.ttf */; };
		20A5CA4C1C15FE140074DAD2 /* Lato-Light.ttf in Resources */ = {isa = PBXBuildFile; fileRef = 20A5CA471C15FE140074DAD2 /* Lato-Light.ttf */; };
		20A5CA4D1C15FE140074DAD2 /* Lato-Regular.ttf in Resources */ = {isa = PBXBuildFile; fileRef = 20A5CA481C15FE140074DAD2 /* Lato-Regular.ttf */; };
		410583B21CEA883200684A0A /* MapKit.framework in Frameworks */ = {isa = PBXBuildFile; fileRef = 410583B11CEA883200684A0A /* MapKit.framework */; };
		411C4FC01D89D5B700DDC089 /* PowernapViewController.swift in Sources */ = {isa = PBXBuildFile; fileRef = 411C4FBF1D89D5B700DDC089 /* PowernapViewController.swift */; };
		4138184B1CEF91DB006156DF /* AVFoundation.framework in Frameworks */ = {isa = PBXBuildFile; fileRef = 4138184A1CEF91DB006156DF /* AVFoundation.framework */; };
		41F0695C1DDF9A9F007AEDB5 /* MainTableViewController.swift in Sources */ = {isa = PBXBuildFile; fileRef = 41F0695B1DDF9A9F007AEDB5 /* MainTableViewController.swift */; };
		41F0695E1DDF9B1A007AEDB5 /* ScanTableViewController.swift in Sources */ = {isa = PBXBuildFile; fileRef = 41F0695D1DDF9B1A007AEDB5 /* ScanTableViewController.swift */; };
		41F069601DDF9B3D007AEDB5 /* DeviceViewController.swift in Sources */ = {isa = PBXBuildFile; fileRef = 41F0695F1DDF9B3D007AEDB5 /* DeviceViewController.swift */; };
		44336E8E5BAB8E427F141C22 /* Pods_wakerapperUITests.framework in Frameworks */ = {isa = PBXBuildFile; fileRef = 9E8BB9340258BD737F351337 /* Pods_wakerapperUITests.framework */; };
		4472F219A277D4DFE8E46CAA /* Pods_wakerapperTests.framework in Frameworks */ = {isa = PBXBuildFile; fileRef = 67FDDBE5C55536D1166FC681 /* Pods_wakerapperTests.framework */; };
		5544970EA49EAA04C57C62D1 /* Pods_wakerapper.framework in Frameworks */ = {isa = PBXBuildFile; fileRef = 96C15A734B54CCFD17E44A41 /* Pods_wakerapper.framework */; };
		64228B951BEAF76B00263DBF /* AlarmTests.swift in Sources */ = {isa = PBXBuildFile; fileRef = 64228B941BEAF76B00263DBF /* AlarmTests.swift */; };
/* End PBXBuildFile section */

/* Begin PBXContainerItemProxy section */
		2093B67B1BBC740200EC5C7C /* PBXContainerItemProxy */ = {
			isa = PBXContainerItemProxy;
			containerPortal = 2093B65B1BBC740200EC5C7C /* Project object */;
			proxyType = 1;
			remoteGlobalIDString = 2093B6621BBC740200EC5C7C;
			remoteInfo = "smart-alarm";
		};
		2093B6861BBC740200EC5C7C /* PBXContainerItemProxy */ = {
			isa = PBXContainerItemProxy;
			containerPortal = 2093B65B1BBC740200EC5C7C /* Project object */;
			proxyType = 1;
			remoteGlobalIDString = 2093B6621BBC740200EC5C7C;
			remoteInfo = "smart-alarm";
		};
/* End PBXContainerItemProxy section */

/* Begin PBXFileReference section */
		0AACB092DE60F5BB75A57D9E /* Pods-wakerapperTests.debug.xcconfig */ = {isa = PBXFileReference; includeInIndex = 1; lastKnownFileType = text.xcconfig; name = "Pods-wakerapperTests.debug.xcconfig"; path = "Pods/Target Support Files/Pods-wakerapperTests/Pods-wakerapperTests.debug.xcconfig"; sourceTree = "<group>"; };
		200638BF1BDEBADE00799CFC /* AlarmTableViewController.swift */ = {isa = PBXFileReference; fileEncoding = 4; lastKnownFileType = sourcecode.swift; path = AlarmTableViewController.swift; sourceTree = "<group>"; };
		200B12A51BC576280015B40F /* Fabric.framework */ = {isa = PBXFileReference; lastKnownFileType = wrapper.framework; path = Fabric.framework; sourceTree = "<group>"; };
		200B12A61BC576280015B40F /* Crashlytics.framework */ = {isa = PBXFileReference; lastKnownFileType = wrapper.framework; path = Crashlytics.framework; sourceTree = "<group>"; };
		202F0FCB1BD54B8C00799850 /* LocationViewController.swift */ = {isa = PBXFileReference; fileEncoding = 4; lastKnownFileType = sourcecode.swift; name = LocationViewController.swift; path = ../LocationViewController.swift; sourceTree = "<group>"; };
		2034B68B1BDFD2D300CB6FCA /* Activity.swift */ = {isa = PBXFileReference; fileEncoding = 4; lastKnownFileType = sourcecode.swift; path = Activity.swift; sourceTree = "<group>"; };
		2034B68D1BDFD3A700CB6FCA /* Routine.swift */ = {isa = PBXFileReference; fileEncoding = 4; lastKnownFileType = sourcecode.swift; path = Routine.swift; sourceTree = "<group>"; };
		2037BDA61BD33CFA00F45644 /* RoutineTableViewController.swift */ = {isa = PBXFileReference; fileEncoding = 4; lastKnownFileType = sourcecode.swift; path = RoutineTableViewController.swift; sourceTree = "<group>"; };
		205192091BFD233300457CEB /* Destination.swift */ = {isa = PBXFileReference; fileEncoding = 4; lastKnownFileType = sourcecode.swift; path = Destination.swift; sourceTree = "<group>"; };
		205A2B511C173A8F00AC6F27 /* loud_alarm.caf */ = {isa = PBXFileReference; lastKnownFileType = file; path = loud_alarm.caf; sourceTree = "<group>"; };
		208D95B21BD3F0C60099611F /* ActivityTableViewController.swift */ = {isa = PBXFileReference; fileEncoding = 4; lastKnownFileType = sourcecode.swift; path = ActivityTableViewController.swift; sourceTree = "<group>"; };
		2092ED131BDEC97700D8F112 /* Alarm.swift */ = {isa = PBXFileReference; fileEncoding = 4; lastKnownFileType = sourcecode.swift; name = Alarm.swift; path = ../Alarm.swift; sourceTree = "<group>"; };
		2092ED151BDEC99E00D8F112 /* AlarmTableViewCell.swift */ = {isa = PBXFileReference; fileEncoding = 4; lastKnownFileType = sourcecode.swift; name = AlarmTableViewCell.swift; path = ../AlarmTableViewCell.swift; sourceTree = "<group>"; };
		2093B6631BBC740200EC5C7C /* wakerapper.app */ = {isa = PBXFileReference; explicitFileType = wrapper.application; includeInIndex = 0; path = wakerapper.app; sourceTree = BUILT_PRODUCTS_DIR; };
		2093B6661BBC740200EC5C7C /* AppDelegate.swift */ = {isa = PBXFileReference; lastKnownFileType = sourcecode.swift; path = AppDelegate.swift; sourceTree = "<group>"; };
		2093B66B1BBC740200EC5C7C /* Base */ = {isa = PBXFileReference; lastKnownFileType = file.storyboard; name = Base; path = Base.lproj/Main.storyboard; sourceTree = "<group>"; };
		2093B66E1BBC740200EC5C7C /* smart_alarm.xcdatamodel */ = {isa = PBXFileReference; lastKnownFileType = wrapper.xcdatamodel; path = smart_alarm.xcdatamodel; sourceTree = "<group>"; };
		2093B6701BBC740200EC5C7C /* Assets.xcassets */ = {isa = PBXFileReference; lastKnownFileType = folder.assetcatalog; path = Assets.xcassets; sourceTree = "<group>"; };
		2093B6731BBC740200EC5C7C /* Base */ = {isa = PBXFileReference; lastKnownFileType = file.storyboard; name = Base; path = Base.lproj/LaunchScreen.storyboard; sourceTree = "<group>"; };
		2093B6751BBC740200EC5C7C /* Info.plist */ = {isa = PBXFileReference; lastKnownFileType = text.plist.xml; path = Info.plist; sourceTree = "<group>"; };
		2093B67A1BBC740200EC5C7C /* wakerapper.xctest */ = {isa = PBXFileReference; explicitFileType = wrapper.cfbundle; includeInIndex = 0; path = wakerapper.xctest; sourceTree = BUILT_PRODUCTS_DIR; };
		2093B67E1BBC740200EC5C7C /* smart_alarmTests.swift */ = {isa = PBXFileReference; lastKnownFileType = sourcecode.swift; path = smart_alarmTests.swift; sourceTree = "<group>"; };
		2093B6801BBC740200EC5C7C /* Info.plist */ = {isa = PBXFileReference; lastKnownFileType = text.plist.xml; path = Info.plist; sourceTree = "<group>"; };
		2093B6851BBC740200EC5C7C /* wakerapper.xctest */ = {isa = PBXFileReference; explicitFileType = wrapper.cfbundle; includeInIndex = 0; path = wakerapper.xctest; sourceTree = BUILT_PRODUCTS_DIR; };
		2093B6891BBC740200EC5C7C /* smart_alarmUITests.swift */ = {isa = PBXFileReference; lastKnownFileType = sourcecode.swift; path = smart_alarmUITests.swift; sourceTree = "<group>"; };
		2093B68B1BBC740200EC5C7C /* Info.plist */ = {isa = PBXFileReference; lastKnownFileType = text.plist.xml; path = Info.plist; sourceTree = "<group>"; };
		2093B6971BBC746C00EC5C7C /* HTTP.swift */ = {isa = PBXFileReference; fileEncoding = 4; lastKnownFileType = sourcecode.swift; path = HTTP.swift; sourceTree = "<group>"; };
		209443DC1BFB7274000E46B0 /* AlarmList.swift */ = {isa = PBXFileReference; fileEncoding = 4; lastKnownFileType = sourcecode.swift; path = AlarmList.swift; sourceTree = "<group>"; };
		20A092B51BD0234200745784 /* DetailTableViewController.swift */ = {isa = PBXFileReference; fileEncoding = 4; lastKnownFileType = sourcecode.swift; path = DetailTableViewController.swift; sourceTree = "<group>"; };
		20A5CA441C15FE140074DAD2 /* Lato-Black.ttf */ = {isa = PBXFileReference; lastKnownFileType = file; path = "Lato-Black.ttf"; sourceTree = "<group>"; };
		20A5CA451C15FE140074DAD2 /* Lato-Bold.ttf */ = {isa = PBXFileReference; lastKnownFileType = file; path = "Lato-Bold.ttf"; sourceTree = "<group>"; };
		20A5CA461C15FE140074DAD2 /* Lato-Hairline.ttf */ = {isa = PBXFileReference; lastKnownFileType = file; path = "Lato-Hairline.ttf"; sourceTree = "<group>"; };
		20A5CA471C15FE140074DAD2 /* Lato-Light.ttf */ = {isa = PBXFileReference; lastKnownFileType = file; path = "Lato-Light.ttf"; sourceTree = "<group>"; };
		20A5CA481C15FE140074DAD2 /* Lato-Regular.ttf */ = {isa = PBXFileReference; lastKnownFileType = file; path = "Lato-Regular.ttf"; sourceTree = "<group>"; };
		410583B11CEA883200684A0A /* MapKit.framework */ = {isa = PBXFileReference; lastKnownFileType = wrapper.framework; name = MapKit.framework; path = System/Library/Frameworks/MapKit.framework; sourceTree = SDKROOT; };
		411C4FBF1D89D5B700DDC089 /* PowernapViewController.swift */ = {isa = PBXFileReference; fileEncoding = 4; lastKnownFileType = sourcecode.swift; path = PowernapViewController.swift; sourceTree = "<group>"; };
		4138184A1CEF91DB006156DF /* AVFoundation.framework */ = {isa = PBXFileReference; lastKnownFileType = wrapper.framework; name = AVFoundation.framework; path = System/Library/Frameworks/AVFoundation.framework; sourceTree = SDKROOT; };
		41CC2FE01DBEE8910038C948 /* CoreBluetooth.framework */ = {isa = PBXFileReference; lastKnownFileType = wrapper.framework; name = CoreBluetooth.framework; path = System/Library/Frameworks/CoreBluetooth.framework; sourceTree = SDKROOT; };
		41F0695B1DDF9A9F007AEDB5 /* MainTableViewController.swift */ = {isa = PBXFileReference; fileEncoding = 4; lastKnownFileType = sourcecode.swift; path = MainTableViewController.swift; sourceTree = "<group>"; };
		41F0695D1DDF9B1A007AEDB5 /* ScanTableViewController.swift */ = {isa = PBXFileReference; fileEncoding = 4; lastKnownFileType = sourcecode.swift; path = ScanTableViewController.swift; sourceTree = "<group>"; };
		41F0695F1DDF9B3D007AEDB5 /* DeviceViewController.swift */ = {isa = PBXFileReference; fileEncoding = 4; lastKnownFileType = sourcecode.swift; path = DeviceViewController.swift; sourceTree = "<group>"; };
		41F069611DDF9C11007AEDB5 /* wakerapper-Bridging-Header.h */ = {isa = PBXFileReference; fileEncoding = 4; lastKnownFileType = sourcecode.c.h; path = "wakerapper-Bridging-Header.h"; sourceTree = "<group>"; };
		43DBE98071E0C577EA556DAC /* Pods-wakerapper.debug.xcconfig */ = {isa = PBXFileReference; includeInIndex = 1; lastKnownFileType = text.xcconfig; name = "Pods-wakerapper.debug.xcconfig"; path = "Pods/Target Support Files/Pods-wakerapper/Pods-wakerapper.debug.xcconfig"; sourceTree = "<group>"; };
		64228B941BEAF76B00263DBF /* AlarmTests.swift */ = {isa = PBXFileReference; fileEncoding = 4; lastKnownFileType = sourcecode.swift; path = AlarmTests.swift; sourceTree = "<group>"; };
		67FDDBE5C55536D1166FC681 /* Pods_wakerapperTests.framework */ = {isa = PBXFileReference; explicitFileType = wrapper.framework; includeInIndex = 0; path = Pods_wakerapperTests.framework; sourceTree = BUILT_PRODUCTS_DIR; };
		96C15A734B54CCFD17E44A41 /* Pods_wakerapper.framework */ = {isa = PBXFileReference; explicitFileType = wrapper.framework; includeInIndex = 0; path = Pods_wakerapper.framework; sourceTree = BUILT_PRODUCTS_DIR; };
		98B8DFEED0C265FD6E54BE9C /* Pods-wakerapperTests.release.xcconfig */ = {isa = PBXFileReference; includeInIndex = 1; lastKnownFileType = text.xcconfig; name = "Pods-wakerapperTests.release.xcconfig"; path = "Pods/Target Support Files/Pods-wakerapperTests/Pods-wakerapperTests.release.xcconfig"; sourceTree = "<group>"; };
		9E8BB9340258BD737F351337 /* Pods_wakerapperUITests.framework */ = {isa = PBXFileReference; explicitFileType = wrapper.framework; includeInIndex = 0; path = Pods_wakerapperUITests.framework; sourceTree = BUILT_PRODUCTS_DIR; };
		AA1B130FD5AA6375FC5E54C7 /* Pods-wakerapperUITests.debug.xcconfig */ = {isa = PBXFileReference; includeInIndex = 1; lastKnownFileType = text.xcconfig; name = "Pods-wakerapperUITests.debug.xcconfig"; path = "Pods/Target Support Files/Pods-wakerapperUITests/Pods-wakerapperUITests.debug.xcconfig"; sourceTree = "<group>"; };
		E7FC1960B7E3813F8257EBB4 /* Pods-wakerapperUITests.release.xcconfig */ = {isa = PBXFileReference; includeInIndex = 1; lastKnownFileType = text.xcconfig; name = "Pods-wakerapperUITests.release.xcconfig"; path = "Pods/Target Support Files/Pods-wakerapperUITests/Pods-wakerapperUITests.release.xcconfig"; sourceTree = "<group>"; };
		FABB4E5EBF083772B8ECA532 /* Pods-wakerapper.release.xcconfig */ = {isa = PBXFileReference; includeInIndex = 1; lastKnownFileType = text.xcconfig; name = "Pods-wakerapper.release.xcconfig"; path = "Pods/Target Support Files/Pods-wakerapper/Pods-wakerapper.release.xcconfig"; sourceTree = "<group>"; };
/* End PBXFileReference section */

/* Begin PBXFrameworksBuildPhase section */
		2093B6601BBC740200EC5C7C /* Frameworks */ = {
			isa = PBXFrameworksBuildPhase;
			buildActionMask = 2147483647;
			files = (
				4138184B1CEF91DB006156DF /* AVFoundation.framework in Frameworks */,
				200B12A81BC576280015B40F /* Crashlytics.framework in Frameworks */,
				410583B21CEA883200684A0A /* MapKit.framework in Frameworks */,
				200B12A71BC576280015B40F /* Fabric.framework in Frameworks */,
				5544970EA49EAA04C57C62D1 /* Pods_wakerapper.framework in Frameworks */,
			);
			runOnlyForDeploymentPostprocessing = 0;
		};
		2093B6771BBC740200EC5C7C /* Frameworks */ = {
			isa = PBXFrameworksBuildPhase;
			buildActionMask = 2147483647;
			files = (
				4472F219A277D4DFE8E46CAA /* Pods_wakerapperTests.framework in Frameworks */,
			);
			runOnlyForDeploymentPostprocessing = 0;
		};
		2093B6821BBC740200EC5C7C /* Frameworks */ = {
			isa = PBXFrameworksBuildPhase;
			buildActionMask = 2147483647;
			files = (
				44336E8E5BAB8E427F141C22 /* Pods_wakerapperUITests.framework in Frameworks */,
			);
			runOnlyForDeploymentPostprocessing = 0;
		};
/* End PBXFrameworksBuildPhase section */

/* Begin PBXGroup section */
		205014451BFAD40800ABB9A1 /* alarm-controllers */ = {
			isa = PBXGroup;
			children = (
				2092ED151BDEC99E00D8F112 /* AlarmTableViewCell.swift */,
				200638BF1BDEBADE00799CFC /* AlarmTableViewController.swift */,
				20A092B51BD0234200745784 /* DetailTableViewController.swift */,
				2037BDA61BD33CFA00F45644 /* RoutineTableViewController.swift */,
				208D95B21BD3F0C60099611F /* ActivityTableViewController.swift */,
				202F0FCB1BD54B8C00799850 /* LocationViewController.swift */,
				411C4FBF1D89D5B700DDC089 /* PowernapViewController.swift */,
				41F0695B1DDF9A9F007AEDB5 /* MainTableViewController.swift */,
				41F0695D1DDF9B1A007AEDB5 /* ScanTableViewController.swift */,
				41F0695F1DDF9B3D007AEDB5 /* DeviceViewController.swift */,
			);
			name = "alarm-controllers";
			sourceTree = "<group>";
		};
		2092ED181BDEE10500D8F112 /* helper-classes */ = {
			isa = PBXGroup;
			children = (
				2034B68B1BDFD2D300CB6FCA /* Activity.swift */,
				2034B68D1BDFD3A700CB6FCA /* Routine.swift */,
				2092ED131BDEC97700D8F112 /* Alarm.swift */,
				205192091BFD233300457CEB /* Destination.swift */,
				209443DC1BFB7274000E46B0 /* AlarmList.swift */,
				2093B6971BBC746C00EC5C7C /* HTTP.swift */,
			);
			name = "helper-classes";
			sourceTree = "<group>";
		};
		2093B65A1BBC740200EC5C7C = {
			isa = PBXGroup;
			children = (
				2093B6651BBC740200EC5C7C /* wakerapper */,
				2093B67D1BBC740200EC5C7C /* wakerapperTests */,
				416109831DBEE3C0009F0968 /* Frameworks */,
				F32DCC5D1A9B253C62F8E6D7 /* Pods */,
			);
			sourceTree = "<group>";
		};
		2093B6641BBC740200EC5C7C /* Products */ = {
			isa = PBXGroup;
			children = (
				2093B6631BBC740200EC5C7C /* wakerapper.app */,
				2093B67A1BBC740200EC5C7C /* wakerapper.xctest */,
				2093B6851BBC740200EC5C7C /* wakerapper.xctest */,
			);
			name = Products;
			path = ..;
			sourceTree = "<group>";
		};
		2093B6651BBC740200EC5C7C /* wakerapper */ = {
			isa = PBXGroup;
			children = (
				2093B6641BBC740200EC5C7C /* Products */,
				20EA727E1C15E01F00F0C5A4 /* resources */,
				2092ED181BDEE10500D8F112 /* helper-classes */,
				205014451BFAD40800ABB9A1 /* alarm-controllers */,
				2093B66A1BBC740200EC5C7C /* Main.storyboard */,
				2093B6701BBC740200EC5C7C /* Assets.xcassets */,
				2093B6661BBC740200EC5C7C /* AppDelegate.swift */,
				2093B6721BBC740200EC5C7C /* LaunchScreen.storyboard */,
				2093B6751BBC740200EC5C7C /* Info.plist */,
				2093B66D1BBC740200EC5C7C /* smart_alarm.xcdatamodeld */,
				41F069611DDF9C11007AEDB5 /* wakerapper-Bridging-Header.h */,
			);
			name = wakerapper;
			path = "smart-alarm";
			sourceTree = "<group>";
		};
		2093B67D1BBC740200EC5C7C /* wakerapperTests */ = {
			isa = PBXGroup;
			children = (
				2093B6881BBC740200EC5C7C /* wakerapperUITests */,
				2093B67E1BBC740200EC5C7C /* smart_alarmTests.swift */,
				2093B6801BBC740200EC5C7C /* Info.plist */,
				64228B941BEAF76B00263DBF /* AlarmTests.swift */,
			);
			name = wakerapperTests;
			path = "smart-alarmTests";
			sourceTree = "<group>";
		};
		2093B6881BBC740200EC5C7C /* wakerapperUITests */ = {
			isa = PBXGroup;
			children = (
				2093B6891BBC740200EC5C7C /* smart_alarmUITests.swift */,
				2093B68B1BBC740200EC5C7C /* Info.plist */,
			);
			name = wakerapperUITests;
			path = "../smart-alarmUITests";
			sourceTree = "<group>";
		};
		20EA727E1C15E01F00F0C5A4 /* resources */ = {
			isa = PBXGroup;
			children = (
				205A2B511C173A8F00AC6F27 /* loud_alarm.caf */,
				20A5CA441C15FE140074DAD2 /* Lato-Black.ttf */,
				20A5CA451C15FE140074DAD2 /* Lato-Bold.ttf */,
				20A5CA461C15FE140074DAD2 /* Lato-Hairline.ttf */,
				20A5CA471C15FE140074DAD2 /* Lato-Light.ttf */,
				20A5CA481C15FE140074DAD2 /* Lato-Regular.ttf */,
			);
			name = resources;
			sourceTree = "<group>";
		};
		416109831DBEE3C0009F0968 /* Frameworks */ = {
			isa = PBXGroup;
			children = (
				4138184A1CEF91DB006156DF /* AVFoundation.framework */,
				410583B11CEA883200684A0A /* MapKit.framework */,
				200B12A51BC576280015B40F /* Fabric.framework */,
				200B12A61BC576280015B40F /* Crashlytics.framework */,
				41CC2FE01DBEE8910038C948 /* CoreBluetooth.framework */,
				96C15A734B54CCFD17E44A41 /* Pods_wakerapper.framework */,
				67FDDBE5C55536D1166FC681 /* Pods_wakerapperTests.framework */,
				9E8BB9340258BD737F351337 /* Pods_wakerapperUITests.framework */,
			);
			name = Frameworks;
			sourceTree = "<group>";
		};
		F32DCC5D1A9B253C62F8E6D7 /* Pods */ = {
			isa = PBXGroup;
			children = (
				43DBE98071E0C577EA556DAC /* Pods-wakerapper.debug.xcconfig */,
				FABB4E5EBF083772B8ECA532 /* Pods-wakerapper.release.xcconfig */,
				0AACB092DE60F5BB75A57D9E /* Pods-wakerapperTests.debug.xcconfig */,
				98B8DFEED0C265FD6E54BE9C /* Pods-wakerapperTests.release.xcconfig */,
				AA1B130FD5AA6375FC5E54C7 /* Pods-wakerapperUITests.debug.xcconfig */,
				E7FC1960B7E3813F8257EBB4 /* Pods-wakerapperUITests.release.xcconfig */,
			);
			name = Pods;
			sourceTree = "<group>";
		};
/* End PBXGroup section */

/* Begin PBXNativeTarget section */
		2093B6621BBC740200EC5C7C /* wakerapper */ = {
			isa = PBXNativeTarget;
			buildConfigurationList = 2093B68E1BBC740200EC5C7C /* Build configuration list for PBXNativeTarget "wakerapper" */;
			buildPhases = (
				5C7BD601FE744D6D4BE6B1AB /* [CP] Check Pods Manifest.lock */,
				2093B65F1BBC740200EC5C7C /* Sources */,
				2093B6601BBC740200EC5C7C /* Frameworks */,
				2093B6611BBC740200EC5C7C /* Resources */,
				203272211BC573A800E1D35F /* ShellScript */,
				5CE44F5174C3E475D339A032 /* [CP] Embed Pods Frameworks */,
				20E17D69534CD3EB6D9073BA /* [CP] Copy Pods Resources */,
			);
			buildRules = (
			);
			dependencies = (
			);
			name = wakerapper;
			productName = "smart-alarm";
			productReference = 2093B6631BBC740200EC5C7C /* wakerapper.app */;
			productType = "com.apple.product-type.application";
		};
		2093B6791BBC740200EC5C7C /* wakerapperTests */ = {
			isa = PBXNativeTarget;
			buildConfigurationList = 2093B6911BBC740200EC5C7C /* Build configuration list for PBXNativeTarget "wakerapperTests" */;
			buildPhases = (
				72E177EAB4AC24CEBF583F1F /* [CP] Check Pods Manifest.lock */,
				2093B6761BBC740200EC5C7C /* Sources */,
				2093B6771BBC740200EC5C7C /* Frameworks */,
				2093B6781BBC740200EC5C7C /* Resources */,
				766711575E56CA214E1014FE /* [CP] Embed Pods Frameworks */,
				B38DA0A29137DB16450A4773 /* [CP] Copy Pods Resources */,
			);
			buildRules = (
			);
			dependencies = (
				2093B67C1BBC740200EC5C7C /* PBXTargetDependency */,
			);
			name = wakerapperTests;
			productName = "smart-alarmTests";
			productReference = 2093B67A1BBC740200EC5C7C /* wakerapper.xctest */;
			productType = "com.apple.product-type.bundle.unit-test";
		};
		2093B6841BBC740200EC5C7C /* wakerapperUITests */ = {
			isa = PBXNativeTarget;
			buildConfigurationList = 2093B6941BBC740200EC5C7C /* Build configuration list for PBXNativeTarget "wakerapperUITests" */;
			buildPhases = (
				5F47D8CC3CC2DC980EB8AF0F /* [CP] Check Pods Manifest.lock */,
				2093B6811BBC740200EC5C7C /* Sources */,
				2093B6821BBC740200EC5C7C /* Frameworks */,
				2093B6831BBC740200EC5C7C /* Resources */,
				A9774879509DF8690E609D3A /* [CP] Embed Pods Frameworks */,
				1E588A8BB7F50BCC8AD8D001 /* [CP] Copy Pods Resources */,
			);
			buildRules = (
			);
			dependencies = (
				2093B6871BBC740200EC5C7C /* PBXTargetDependency */,
			);
			name = wakerapperUITests;
			productName = "smart-alarmUITests";
			productReference = 2093B6851BBC740200EC5C7C /* wakerapper.xctest */;
			productType = "com.apple.product-type.bundle.ui-testing";
		};
/* End PBXNativeTarget section */

/* Begin PBXProject section */
		2093B65B1BBC740200EC5C7C /* Project object */ = {
			isa = PBXProject;
			attributes = {
				LastSwiftUpdateCheck = 0730;
				LastUpgradeCheck = 0810;
				ORGANIZATIONNAME = "";
				TargetAttributes = {
					2093B6621BBC740200EC5C7C = {
						CreatedOnToolsVersion = 7.0;
						DevelopmentTeam = GGW6DQ293Y;
						ProvisioningStyle = Automatic;
						SystemCapabilities = {
							com.apple.BackgroundModes = {
								enabled = 0;
							};
							com.apple.Keychain = {
								enabled = 0;
							};
							com.apple.Maps.iOS = {
								enabled = 1;
							};
						};
					};
					2093B6791BBC740200EC5C7C = {
						CreatedOnToolsVersion = 7.0;
						DevelopmentTeam = 4FRADE5ZJB;
						TestTargetID = 2093B6621BBC740200EC5C7C;
					};
					2093B6841BBC740200EC5C7C = {
						CreatedOnToolsVersion = 7.0;
						DevelopmentTeam = 4FRADE5ZJB;
						TestTargetID = 2093B6621BBC740200EC5C7C;
					};
				};
			};
			buildConfigurationList = 2093B65E1BBC740200EC5C7C /* Build configuration list for PBXProject "wakerapper" */;
			compatibilityVersion = "Xcode 8.0";
			developmentRegion = English;
			hasScannedForEncodings = 0;
			knownRegions = (
				en,
				Base,
			);
			mainGroup = 2093B65A1BBC740200EC5C7C;
			productRefGroup = 2093B6641BBC740200EC5C7C /* Products */;
			projectDirPath = "";
			projectRoot = "";
			targets = (
				2093B6621BBC740200EC5C7C /* wakerapper */,
				2093B6791BBC740200EC5C7C /* wakerapperTests */,
				2093B6841BBC740200EC5C7C /* wakerapperUITests */,
			);
		};
/* End PBXProject section */

/* Begin PBXResourcesBuildPhase section */
		2093B6611BBC740200EC5C7C /* Resources */ = {
			isa = PBXResourcesBuildPhase;
			buildActionMask = 2147483647;
			files = (
				2093B6741BBC740200EC5C7C /* LaunchScreen.storyboard in Resources */,
				20A5CA4B1C15FE140074DAD2 /* Lato-Hairline.ttf in Resources */,
				20A5CA4A1C15FE140074DAD2 /* Lato-Bold.ttf in Resources */,
				2093B6711BBC740200EC5C7C /* Assets.xcassets in Resources */,
				205A2B521C173A8F00AC6F27 /* loud_alarm.caf in Resources */,
				20A5CA4D1C15FE140074DAD2 /* Lato-Regular.ttf in Resources */,
				20A5CA491C15FE140074DAD2 /* Lato-Black.ttf in Resources */,
				2093B66C1BBC740200EC5C7C /* Main.storyboard in Resources */,
				20A5CA4C1C15FE140074DAD2 /* Lato-Light.ttf in Resources */,
			);
			runOnlyForDeploymentPostprocessing = 0;
		};
		2093B6781BBC740200EC5C7C /* Resources */ = {
			isa = PBXResourcesBuildPhase;
			buildActionMask = 2147483647;
			files = (
			);
			runOnlyForDeploymentPostprocessing = 0;
		};
		2093B6831BBC740200EC5C7C /* Resources */ = {
			isa = PBXResourcesBuildPhase;
			buildActionMask = 2147483647;
			files = (
			);
			runOnlyForDeploymentPostprocessing = 0;
		};
/* End PBXResourcesBuildPhase section */

/* Begin PBXShellScriptBuildPhase section */
		1E588A8BB7F50BCC8AD8D001 /* [CP] Copy Pods Resources */ = {
			isa = PBXShellScriptBuildPhase;
			buildActionMask = 2147483647;
			files = (
			);
			inputPaths = (
			);
			name = "[CP] Copy Pods Resources";
			outputPaths = (
			);
			runOnlyForDeploymentPostprocessing = 0;
			shellPath = /bin/sh;
			shellScript = "\"${SRCROOT}/Pods/Target Support Files/Pods-wakerapperUITests/Pods-wakerapperUITests-resources.sh\"\n";
			showEnvVarsInLog = 0;
		};
		203272211BC573A800E1D35F /* ShellScript */ = {
			isa = PBXShellScriptBuildPhase;
			buildActionMask = 2147483647;
			files = (
			);
			inputPaths = (
			);
			outputPaths = (
			);
			runOnlyForDeploymentPostprocessing = 0;
			shellPath = /bin/sh;
			shellScript = "./Fabric.framework/run 7ec401665c34b95664efc7acee2d43ac7189ec9b bd3fa6a63bf4b05e78c6ab16070719c6dcdf7bafc4db53ec5a3011c85edf78b0";
		};
		20E17D69534CD3EB6D9073BA /* [CP] Copy Pods Resources */ = {
			isa = PBXShellScriptBuildPhase;
			buildActionMask = 2147483647;
			files = (
			);
			inputPaths = (
			);
			name = "[CP] Copy Pods Resources";
			outputPaths = (
			);
			runOnlyForDeploymentPostprocessing = 0;
			shellPath = /bin/sh;
			shellScript = "\"${SRCROOT}/Pods/Target Support Files/Pods-wakerapper/Pods-wakerapper-resources.sh\"\n";
			showEnvVarsInLog = 0;
		};
		5C7BD601FE744D6D4BE6B1AB /* [CP] Check Pods Manifest.lock */ = {
			isa = PBXShellScriptBuildPhase;
			buildActionMask = 2147483647;
			files = (
			);
			inputPaths = (
			);
			name = "[CP] Check Pods Manifest.lock";
			outputPaths = (
			);
			runOnlyForDeploymentPostprocessing = 0;
			shellPath = /bin/sh;
			shellScript = "diff \"${PODS_ROOT}/../Podfile.lock\" \"${PODS_ROOT}/Manifest.lock\" > /dev/null\nif [ $? != 0 ] ; then\n    # print error to STDERR\n    echo \"error: The sandbox is not in sync with the Podfile.lock. Run 'pod install' or update your CocoaPods installation.\" >&2\n    exit 1\nfi\n";
			showEnvVarsInLog = 0;
		};
		5CE44F5174C3E475D339A032 /* [CP] Embed Pods Frameworks */ = {
			isa = PBXShellScriptBuildPhase;
			buildActionMask = 2147483647;
			files = (
			);
			inputPaths = (
			);
			name = "[CP] Embed Pods Frameworks";
			outputPaths = (
			);
			runOnlyForDeploymentPostprocessing = 0;
			shellPath = /bin/sh;
			shellScript = "\"${SRCROOT}/Pods/Target Support Files/Pods-wakerapper/Pods-wakerapper-frameworks.sh\"\n";
			showEnvVarsInLog = 0;
		};
		5F47D8CC3CC2DC980EB8AF0F /* [CP] Check Pods Manifest.lock */ = {
			isa = PBXShellScriptBuildPhase;
			buildActionMask = 2147483647;
			files = (
			);
			inputPaths = (
			);
			name = "[CP] Check Pods Manifest.lock";
			outputPaths = (
			);
			runOnlyForDeploymentPostprocessing = 0;
			shellPath = /bin/sh;
			shellScript = "diff \"${PODS_ROOT}/../Podfile.lock\" \"${PODS_ROOT}/Manifest.lock\" > /dev/null\nif [ $? != 0 ] ; then\n    # print error to STDERR\n    echo \"error: The sandbox is not in sync with the Podfile.lock. Run 'pod install' or update your CocoaPods installation.\" >&2\n    exit 1\nfi\n";
			showEnvVarsInLog = 0;
		};
		72E177EAB4AC24CEBF583F1F /* [CP] Check Pods Manifest.lock */ = {
			isa = PBXShellScriptBuildPhase;
			buildActionMask = 2147483647;
			files = (
			);
			inputPaths = (
			);
			name = "[CP] Check Pods Manifest.lock";
			outputPaths = (
			);
			runOnlyForDeploymentPostprocessing = 0;
			shellPath = /bin/sh;
			shellScript = "diff \"${PODS_ROOT}/../Podfile.lock\" \"${PODS_ROOT}/Manifest.lock\" > /dev/null\nif [ $? != 0 ] ; then\n    # print error to STDERR\n    echo \"error: The sandbox is not in sync with the Podfile.lock. Run 'pod install' or update your CocoaPods installation.\" >&2\n    exit 1\nfi\n";
			showEnvVarsInLog = 0;
		};
		766711575E56CA214E1014FE /* [CP] Embed Pods Frameworks */ = {
			isa = PBXShellScriptBuildPhase;
			buildActionMask = 2147483647;
			files = (
			);
			inputPaths = (
			);
			name = "[CP] Embed Pods Frameworks";
			outputPaths = (
			);
			runOnlyForDeploymentPostprocessing = 0;
			shellPath = /bin/sh;
			shellScript = "\"${SRCROOT}/Pods/Target Support Files/Pods-wakerapperTests/Pods-wakerapperTests-frameworks.sh\"\n";
			showEnvVarsInLog = 0;
		};
		A9774879509DF8690E609D3A /* [CP] Embed Pods Frameworks */ = {
			isa = PBXShellScriptBuildPhase;
			buildActionMask = 2147483647;
			files = (
			);
			inputPaths = (
			);
			name = "[CP] Embed Pods Frameworks";
			outputPaths = (
			);
			runOnlyForDeploymentPostprocessing = 0;
			shellPath = /bin/sh;
			shellScript = "\"${SRCROOT}/Pods/Target Support Files/Pods-wakerapperUITests/Pods-wakerapperUITests-frameworks.sh\"\n";
			showEnvVarsInLog = 0;
		};
		B38DA0A29137DB16450A4773 /* [CP] Copy Pods Resources */ = {
			isa = PBXShellScriptBuildPhase;
			buildActionMask = 2147483647;
			files = (
			);
			inputPaths = (
			);
			name = "[CP] Copy Pods Resources";
			outputPaths = (
			);
			runOnlyForDeploymentPostprocessing = 0;
			shellPath = /bin/sh;
			shellScript = "\"${SRCROOT}/Pods/Target Support Files/Pods-wakerapperTests/Pods-wakerapperTests-resources.sh\"\n";
			showEnvVarsInLog = 0;
		};
/* End PBXShellScriptBuildPhase section */

/* Begin PBXSourcesBuildPhase section */
		2093B65F1BBC740200EC5C7C /* Sources */ = {
			isa = PBXSourcesBuildPhase;
			buildActionMask = 2147483647;
			files = (
				2034B68C1BDFD2D300CB6FCA /* Activity.swift in Sources */,
				200638C01BDEBADE00799CFC /* AlarmTableViewController.swift in Sources */,
				209443DD1BFB7274000E46B0 /* AlarmList.swift in Sources */,
				20A092B61BD0234200745784 /* DetailTableViewController.swift in Sources */,
				41F0695C1DDF9A9F007AEDB5 /* MainTableViewController.swift in Sources */,
				2092ED161BDEC99E00D8F112 /* AlarmTableViewCell.swift in Sources */,
				2093B6981BBC746C00EC5C7C /* HTTP.swift in Sources */,
				202F0FCC1BD54B8C00799850 /* LocationViewController.swift in Sources */,
				41F069601DDF9B3D007AEDB5 /* DeviceViewController.swift in Sources */,
				2037BDA71BD33CFA00F45644 /* RoutineTableViewController.swift in Sources */,
				2092ED141BDEC97700D8F112 /* Alarm.swift in Sources */,
				2093B66F1BBC740200EC5C7C /* smart_alarm.xcdatamodeld in Sources */,
				41F0695E1DDF9B1A007AEDB5 /* ScanTableViewController.swift in Sources */,
				411C4FC01D89D5B700DDC089 /* PowernapViewController.swift in Sources */,
				208D95B31BD3F0C60099611F /* ActivityTableViewController.swift in Sources */,
				2034B68E1BDFD3A700CB6FCA /* Routine.swift in Sources */,
				2051920A1BFD233300457CEB /* Destination.swift in Sources */,
				2093B6671BBC740200EC5C7C /* AppDelegate.swift in Sources */,
			);
			runOnlyForDeploymentPostprocessing = 0;
		};
		2093B6761BBC740200EC5C7C /* Sources */ = {
			isa = PBXSourcesBuildPhase;
			buildActionMask = 2147483647;
			files = (
				2093B67F1BBC740200EC5C7C /* smart_alarmTests.swift in Sources */,
				2093B6991BBC746C00EC5C7C /* HTTP.swift in Sources */,
				64228B951BEAF76B00263DBF /* AlarmTests.swift in Sources */,
			);
			runOnlyForDeploymentPostprocessing = 0;
		};
		2093B6811BBC740200EC5C7C /* Sources */ = {
			isa = PBXSourcesBuildPhase;
			buildActionMask = 2147483647;
			files = (
				2093B68A1BBC740200EC5C7C /* smart_alarmUITests.swift in Sources */,
				2093B69A1BBC746C00EC5C7C /* HTTP.swift in Sources */,
			);
			runOnlyForDeploymentPostprocessing = 0;
		};
/* End PBXSourcesBuildPhase section */

/* Begin PBXTargetDependency section */
		2093B67C1BBC740200EC5C7C /* PBXTargetDependency */ = {
			isa = PBXTargetDependency;
			target = 2093B6621BBC740200EC5C7C /* wakerapper */;
			targetProxy = 2093B67B1BBC740200EC5C7C /* PBXContainerItemProxy */;
		};
		2093B6871BBC740200EC5C7C /* PBXTargetDependency */ = {
			isa = PBXTargetDependency;
			target = 2093B6621BBC740200EC5C7C /* wakerapper */;
			targetProxy = 2093B6861BBC740200EC5C7C /* PBXContainerItemProxy */;
		};
/* End PBXTargetDependency section */

/* Begin PBXVariantGroup section */
		2093B66A1BBC740200EC5C7C /* Main.storyboard */ = {
			isa = PBXVariantGroup;
			children = (
				2093B66B1BBC740200EC5C7C /* Base */,
			);
			name = Main.storyboard;
			sourceTree = "<group>";
		};
		2093B6721BBC740200EC5C7C /* LaunchScreen.storyboard */ = {
			isa = PBXVariantGroup;
			children = (
				2093B6731BBC740200EC5C7C /* Base */,
			);
			name = LaunchScreen.storyboard;
			sourceTree = "<group>";
		};
/* End PBXVariantGroup section */

/* Begin XCBuildConfiguration section */
		2093B68C1BBC740200EC5C7C /* Debug */ = {
			isa = XCBuildConfiguration;
			buildSettings = {
				ALWAYS_EMBED_SWIFT_STANDARD_LIBRARIES = YES;
				ALWAYS_SEARCH_USER_PATHS = NO;
				CLANG_CXX_LANGUAGE_STANDARD = "gnu++0x";
				CLANG_CXX_LIBRARY = "libc++";
				CLANG_ENABLE_MODULES = YES;
				CLANG_ENABLE_OBJC_ARC = YES;
				CLANG_WARN_BOOL_CONVERSION = YES;
				CLANG_WARN_CONSTANT_CONVERSION = YES;
				CLANG_WARN_DIRECT_OBJC_ISA_USAGE = YES_ERROR;
				CLANG_WARN_EMPTY_BODY = YES;
				CLANG_WARN_ENUM_CONVERSION = YES;
				CLANG_WARN_INFINITE_RECURSION = YES;
				CLANG_WARN_INT_CONVERSION = YES;
				CLANG_WARN_OBJC_ROOT_CLASS = YES_ERROR;
				CLANG_WARN_SUSPICIOUS_MOVE = YES;
				CLANG_WARN_UNREACHABLE_CODE = YES;
				CLANG_WARN__DUPLICATE_METHOD_MATCH = YES;
				CODE_SIGN_IDENTITY = "iPhone Distribution: Shiv Kalola (GGW6DQ293Y)";
				"CODE_SIGN_IDENTITY[sdk=iphoneos*]" = "iPhone Distribution: Shiv Kalola (GGW6DQ293Y)";
				COPY_PHASE_STRIP = NO;
				DEBUG_INFORMATION_FORMAT = "dwarf-with-dsym";
				ENABLE_STRICT_OBJC_MSGSEND = YES;
				ENABLE_TESTABILITY = YES;
				FRAMEWORK_SEARCH_PATHS = "$(SRCROOT)/**";
				GCC_C_LANGUAGE_STANDARD = gnu99;
				GCC_DYNAMIC_NO_PIC = NO;
				GCC_NO_COMMON_BLOCKS = YES;
				GCC_OPTIMIZATION_LEVEL = 0;
				GCC_PREPROCESSOR_DEFINITIONS = (
					"DEBUG=1",
					"$(inherited)",
				);
				GCC_WARN_64_TO_32_BIT_CONVERSION = YES;
				GCC_WARN_ABOUT_RETURN_TYPE = YES_ERROR;
				GCC_WARN_UNDECLARED_SELECTOR = YES;
				GCC_WARN_UNINITIALIZED_AUTOS = YES_AGGRESSIVE;
				GCC_WARN_UNUSED_FUNCTION = YES;
				GCC_WARN_UNUSED_VARIABLE = YES;
				IPHONEOS_DEPLOYMENT_TARGET = 9.0;
				MTL_ENABLE_DEBUG_INFO = YES;
				ONLY_ACTIVE_ARCH = YES;
				SDKROOT = iphoneos;
				SWIFT_OPTIMIZATION_LEVEL = "-Onone";
				SWIFT_VERSION = 2.3;
			};
			name = Debug;
		};
		2093B68D1BBC740200EC5C7C /* Release */ = {
			isa = XCBuildConfiguration;
			buildSettings = {
				ALWAYS_EMBED_SWIFT_STANDARD_LIBRARIES = YES;
				ALWAYS_SEARCH_USER_PATHS = NO;
				CLANG_CXX_LANGUAGE_STANDARD = "gnu++0x";
				CLANG_CXX_LIBRARY = "libc++";
				CLANG_ENABLE_MODULES = YES;
				CLANG_ENABLE_OBJC_ARC = YES;
				CLANG_WARN_BOOL_CONVERSION = YES;
				CLANG_WARN_CONSTANT_CONVERSION = YES;
				CLANG_WARN_DIRECT_OBJC_ISA_USAGE = YES_ERROR;
				CLANG_WARN_EMPTY_BODY = YES;
				CLANG_WARN_ENUM_CONVERSION = YES;
				CLANG_WARN_INFINITE_RECURSION = YES;
				CLANG_WARN_INT_CONVERSION = YES;
				CLANG_WARN_OBJC_ROOT_CLASS = YES_ERROR;
				CLANG_WARN_SUSPICIOUS_MOVE = YES;
				CLANG_WARN_UNREACHABLE_CODE = YES;
				CLANG_WARN__DUPLICATE_METHOD_MATCH = YES;
				CODE_SIGN_IDENTITY = "iPhone Distribution: Shiv Kalola (GGW6DQ293Y)";
				"CODE_SIGN_IDENTITY[sdk=iphoneos*]" = "iPhone Developer";
				COPY_PHASE_STRIP = NO;
				DEBUG_INFORMATION_FORMAT = "dwarf-with-dsym";
				ENABLE_NS_ASSERTIONS = NO;
				ENABLE_STRICT_OBJC_MSGSEND = YES;
				FRAMEWORK_SEARCH_PATHS = "$(SRCROOT)/**";
				GCC_C_LANGUAGE_STANDARD = gnu99;
				GCC_NO_COMMON_BLOCKS = YES;
				GCC_WARN_64_TO_32_BIT_CONVERSION = YES;
				GCC_WARN_ABOUT_RETURN_TYPE = YES_ERROR;
				GCC_WARN_UNDECLARED_SELECTOR = YES;
				GCC_WARN_UNINITIALIZED_AUTOS = YES_AGGRESSIVE;
				GCC_WARN_UNUSED_FUNCTION = YES;
				GCC_WARN_UNUSED_VARIABLE = YES;
				IPHONEOS_DEPLOYMENT_TARGET = 9.0;
				MTL_ENABLE_DEBUG_INFO = NO;
				SDKROOT = iphoneos;
				SWIFT_OPTIMIZATION_LEVEL = "-Owholemodule";
				SWIFT_VERSION = 2.3;
				VALIDATE_PRODUCT = YES;
			};
			name = Release;
		};
		2093B68F1BBC740200EC5C7C /* Debug */ = {
			isa = XCBuildConfiguration;
			baseConfigurationReference = 43DBE98071E0C577EA556DAC /* Pods-wakerapper.debug.xcconfig */;
			buildSettings = {
				ALWAYS_EMBED_SWIFT_STANDARD_LIBRARIES = "$(inherited)";
				ASSETCATALOG_COMPILER_APPICON_NAME = AppIcon;
				CLANG_ALLOW_NON_MODULAR_INCLUDES_IN_FRAMEWORK_MODULES = NO;
				CLANG_ENABLE_MODULES = YES;
				CODE_SIGN_IDENTITY = "iPhone Distribution: Shiv Kalola (GGW6DQ293Y)";
				"CODE_SIGN_IDENTITY[sdk=iphoneos*]" = "iPhone Developer";
				DEVELOPMENT_TEAM = "";
				FRAMEWORK_SEARCH_PATHS = (
					"$(inherited)",
					"$(PROJECT_DIR)",
				);
				INFOPLIST_FILE = "smart-alarm/Info.plist";
				IPHONEOS_DEPLOYMENT_TARGET = 9.0;
				LD_RUNPATH_SEARCH_PATHS = "$(inherited) @executable_path/Frameworks";
				PRODUCT_BUNDLE_IDENTIFIER = com.nobelapps.wakerapper;
				PRODUCT_NAME = wakerapper;
				PROVISIONING_PROFILE = "";
				PROVISIONING_PROFILE_SPECIFIER = "";
				SWIFT_OBJC_BRIDGING_HEADER = "smart-alarm/wakerapper-Bridging-Header.h";
				SWIFT_OPTIMIZATION_LEVEL = "-Onone";
				SWIFT_VERSION = 3.0.1;
			};
			name = Debug;
		};
		2093B6901BBC740200EC5C7C /* Release */ = {
			isa = XCBuildConfiguration;
			baseConfigurationReference = FABB4E5EBF083772B8ECA532 /* Pods-wakerapper.release.xcconfig */;
			buildSettings = {
				ALWAYS_EMBED_SWIFT_STANDARD_LIBRARIES = "$(inherited)";
				ASSETCATALOG_COMPILER_APPICON_NAME = AppIcon;
				CLANG_ALLOW_NON_MODULAR_INCLUDES_IN_FRAMEWORK_MODULES = NO;
				CLANG_ENABLE_MODULES = YES;
				CODE_SIGN_IDENTITY = "iPhone Distribution: Shiv Kalola (GGW6DQ293Y)";
				"CODE_SIGN_IDENTITY[sdk=iphoneos*]" = "iPhone Developer";
				DEVELOPMENT_TEAM = "";
				FRAMEWORK_SEARCH_PATHS = (
					"$(inherited)",
					"$(PROJECT_DIR)",
				);
				INFOPLIST_FILE = "smart-alarm/Info.plist";
				IPHONEOS_DEPLOYMENT_TARGET = 9.0;
				LD_RUNPATH_SEARCH_PATHS = "$(inherited) @executable_path/Frameworks";
				PRODUCT_BUNDLE_IDENTIFIER = com.nobelapps.wakerapper;
				PRODUCT_NAME = wakerapper;
				PROVISIONING_PROFILE = "";
				PROVISIONING_PROFILE_SPECIFIER = "";
				SWIFT_OBJC_BRIDGING_HEADER = "smart-alarm/wakerapper-Bridging-Header.h";
				SWIFT_VERSION = 3.0.1;
			};
			name = Release;
		};
		2093B6921BBC740200EC5C7C /* Debug */ = {
			isa = XCBuildConfiguration;
			baseConfigurationReference = 0AACB092DE60F5BB75A57D9E /* Pods-wakerapperTests.debug.xcconfig */;
			buildSettings = {
				BUNDLE_LOADER = "$(TEST_HOST)";
				INFOPLIST_FILE = "smart-alarmTests/Info.plist";
				LD_RUNPATH_SEARCH_PATHS = "$(inherited) @executable_path/Frameworks @loader_path/Frameworks";
				PRODUCT_BUNDLE_IDENTIFIER = "edu.cs5356.smart-alarmTests";
				PRODUCT_NAME = wakerapper;
				SWIFT_VERSION = 2.3;
				TEST_HOST = "$(BUILT_PRODUCTS_DIR)/wakerapper.app/wakerapper";
			};
			name = Debug;
		};
		2093B6931BBC740200EC5C7C /* Release */ = {
			isa = XCBuildConfiguration;
			baseConfigurationReference = 98B8DFEED0C265FD6E54BE9C /* Pods-wakerapperTests.release.xcconfig */;
			buildSettings = {
				BUNDLE_LOADER = "$(TEST_HOST)";
				INFOPLIST_FILE = "smart-alarmTests/Info.plist";
				LD_RUNPATH_SEARCH_PATHS = "$(inherited) @executable_path/Frameworks @loader_path/Frameworks";
				PRODUCT_BUNDLE_IDENTIFIER = "edu.cs5356.smart-alarmTests";
				PRODUCT_NAME = wakerapper;
				SWIFT_VERSION = 2.3;
				TEST_HOST = "$(BUILT_PRODUCTS_DIR)/wakerapper.app/wakerapper";
			};
			name = Release;
		};
		2093B6951BBC740200EC5C7C /* Debug */ = {
			isa = XCBuildConfiguration;
			baseConfigurationReference = AA1B130FD5AA6375FC5E54C7 /* Pods-wakerapperUITests.debug.xcconfig */;
			buildSettings = {
				INFOPLIST_FILE = "smart-alarmUITests/Info.plist";
				LD_RUNPATH_SEARCH_PATHS = "$(inherited) @executable_path/Frameworks @loader_path/Frameworks";
				PRODUCT_BUNDLE_IDENTIFIER = "edu.cs5356.smart-alarmUITests";
				PRODUCT_NAME = wakerapper;
				SWIFT_VERSION = 2.3;
				TEST_TARGET_NAME = "smart-alarm";
				USES_XCTRUNNER = YES;
			};
			name = Debug;
		};
		2093B6961BBC740200EC5C7C /* Release */ = {
			isa = XCBuildConfiguration;
			baseConfigurationReference = E7FC1960B7E3813F8257EBB4 /* Pods-wakerapperUITests.release.xcconfig */;
			buildSettings = {
				INFOPLIST_FILE = "smart-alarmUITests/Info.plist";
				LD_RUNPATH_SEARCH_PATHS = "$(inherited) @executable_path/Frameworks @loader_path/Frameworks";
				PRODUCT_BUNDLE_IDENTIFIER = "edu.cs5356.smart-alarmUITests";
				PRODUCT_NAME = wakerapper;
				SWIFT_VERSION = 2.3;
				TEST_TARGET_NAME = "smart-alarm";
				USES_XCTRUNNER = YES;
			};
			name = Release;
		};
/* End XCBuildConfiguration section */

/* Begin XCConfigurationList section */
		2093B65E1BBC740200EC5C7C /* Build configuration list for PBXProject "wakerapper" */ = {
			isa = XCConfigurationList;
			buildConfigurations = (
				2093B68C1BBC740200EC5C7C /* Debug */,
				2093B68D1BBC740200EC5C7C /* Release */,
			);
			defaultConfigurationIsVisible = 0;
			defaultConfigurationName = Release;
		};
		2093B68E1BBC740200EC5C7C /* Build configuration list for PBXNativeTarget "wakerapper" */ = {
			isa = XCConfigurationList;
			buildConfigurations = (
				2093B68F1BBC740200EC5C7C /* Debug */,
				2093B6901BBC740200EC5C7C /* Release */,
			);
			defaultConfigurationIsVisible = 0;
			defaultConfigurationName = Release;
		};
		2093B6911BBC740200EC5C7C /* Build configuration list for PBXNativeTarget "wakerapperTests" */ = {
			isa = XCConfigurationList;
			buildConfigurations = (
				2093B6921BBC740200EC5C7C /* Debug */,
				2093B6931BBC740200EC5C7C /* Release */,
			);
			defaultConfigurationIsVisible = 0;
			defaultConfigurationName = Release;
		};
		2093B6941BBC740200EC5C7C /* Build configuration list for PBXNativeTarget "wakerapperUITests" */ = {
			isa = XCConfigurationList;
			buildConfigurations = (
				2093B6951BBC740200EC5C7C /* Debug */,
				2093B6961BBC740200EC5C7C /* Release */,
			);
			defaultConfigurationIsVisible = 0;
			defaultConfigurationName = Release;
		};
/* End XCConfigurationList section */

/* Begin XCVersionGroup section */
		2093B66D1BBC740200EC5C7C /* smart_alarm.xcdatamodeld */ = {
			isa = XCVersionGroup;
			children = (
				2093B66E1BBC740200EC5C7C /* smart_alarm.xcdatamodel */,
			);
			currentVersion = 2093B66E1BBC740200EC5C7C /* smart_alarm.xcdatamodel */;
			path = smart_alarm.xcdatamodeld;
			sourceTree = "<group>";
			versionGroupType = wrapper.xcdatamodel;
		};
/* End XCVersionGroup section */
	};
	rootObject = 2093B65B1BBC740200EC5C7C /* Project object */;
}
